
Microsoft Visual Studio Solution File, Format Version 12.00
# Visual Studio Version 16
VisualStudioVersion = 16.0.30114.105
MinimumVisualStudioVersion = 10.0.40219.1
Project("{9A19103F-16F7-4668-BE54-9A1E7A4F7556}") = "Windows Forms core chat", "Windows Forms core chat\Windows Forms core chat.csproj", "{B8333D53-CBB6-444E-9CE3-19E9F7B85716}"
EndProject
Global
	GlobalSection(SolutionConfigurationPlatforms) = preSolution
		Debug|Any CPU = Debug|Any CPU
		Release|Any CPU = Release|Any CPU
	EndGlobalSection
	GlobalSection(ProjectConfigurationPlatforms) = postSolution
		{B8333D53-CBB6-444E-9CE3-19E9F7B85716}.Debug|Any CPU.ActiveCfg = Debug|Any CPU
		{B8333D53-CBB6-444E-9CE3-19E9F7B85716}.Debug|Any CPU.Build.0 = Debug|Any CPU
		{B8333D53-CBB6-444E-9CE3-19E9F7B85716}.Release|Any CPU.ActiveCfg = Release|Any CPU
		{B8333D53-CBB6-444E-9CE3-19E9F7B85716}.Release|Any CPU.Build.0 = Release|Any CPU
	EndGlobalSection
	GlobalSection(SolutionProperties) = preSolution
		HideSolutionNode = FALSE
	EndGlobalSection
	GlobalSection(ExtensibilityGlobals) = postSolution
		SolutionGuid = {B2FD3E21-B0D8-4C62-80CE-BB4C99700941}
	EndGlobalSection
EndGlobal
